# THIS IS AN AUTOGENERATED FILE. DO NOT EDIT THIS FILE DIRECTLY.
# yarn lockfile v1


"@esbuild/linux-x64@0.24.2":
  version "0.24.2"
  resolved "https://registry.npmmirror.com/@esbuild/linux-x64/-/linux-x64-0.24.2.tgz"
  integrity sha512-8Qi4nQcCTbLnK9WoMjdC9NiTG6/E38RNICU6sUNqK0QFxCYgoARqVqxdFmWkdonVsvGqWhmm7MO0jyTqLqwj0Q==

"@fortawesome/fontawesome-free@^5.15.4":
  version "5.15.4"
  resolved "https://registry.npmmirror.com/@fortawesome/fontawesome-free/-/fontawesome-free-5.15.4.tgz"
  integrity sha512-eYm8vijH/hpzr/6/1CJ/V/Eb1xQFW2nnUKArb3z+yUWv7HTwj6M7SP957oMjfZjAHU6qpoNc2wQvIxBLWYa/Jg==

"@hotwired/stimulus@^3.2.2":
  version "3.2.2"
  resolved "https://registry.npmmirror.com/@hotwired/stimulus/-/stimulus-3.2.2.tgz"
  integrity sha512-eGeIqNOQpXoPAIP7tC1+1Yc1yl1xnwYqg+3mzqxyrbE5pg5YFBZcA6YoTiByJB6DKAEsiWtl6tjTJS4IYtbB7A==

"@hotwired/turbo-rails@^8.0.12":
  version "8.0.12"
  resolved "https://registry.npmmirror.com/@hotwired/turbo-rails/-/turbo-rails-8.0.12.tgz"
  integrity sha512-ZXwu9ez+Gd4RQNeHIitqOQgi/LyqY8J4JqsUN0nnYiZDBRq7IreeFdMbz29VdJpIsmYqwooE4cFzPU7QvJkQkA==
  dependencies:
    "@hotwired/turbo" "^8.0.12"
    "@rails/actioncable" "^7.0"

"@hotwired/turbo@^8.0.12":
  version "8.0.12"
  resolved "https://registry.npmmirror.com/@hotwired/turbo/-/turbo-8.0.12.tgz"
  integrity sha512-l3BiQRkD7qrnQv6ms6sqPLczvwbQpXt5iAVwjDvX0iumrz6yEonQkNAzNjeDX25/OJMFDTxpHjkJZHGpM9ikWw==

"@parcel/watcher-linux-x64-glibc@2.5.0":
  version "2.5.0"
  resolved "https://registry.npmmirror.com/@parcel/watcher-linux-x64-glibc/-/watcher-linux-x64-glibc-2.5.0.tgz"
  integrity sha512-d9AOkusyXARkFD66S6zlGXyzx5RvY+chTP9Jp0ypSTC9d4lzyRs9ovGf/80VCxjKddcUvnsGwCHWuF2EoPgWjw==

"@parcel/watcher@^2.4.1":
  version "2.5.0"
  resolved "https://registry.npmmirror.com/@parcel/watcher/-/watcher-2.5.0.tgz"
  integrity sha512-i0GV1yJnm2n3Yq1qw6QrUrd/LI9bE8WEBOTtOkpCXHHdyN3TAGgqAK/DAT05z4fq2x04cARXt2pDmjWjL92iTQ==
  dependencies:
    detect-libc "^1.0.3"
    is-glob "^4.0.3"
    micromatch "^4.0.5"
    node-addon-api "^7.0.0"
  optionalDependencies:
    "@parcel/watcher-android-arm64" "2.5.0"
    "@parcel/watcher-darwin-arm64" "2.5.0"
    "@parcel/watcher-darwin-x64" "2.5.0"
    "@parcel/watcher-freebsd-x64" "2.5.0"
    "@parcel/watcher-linux-arm-glibc" "2.5.0"
    "@parcel/watcher-linux-arm-musl" "2.5.0"
    "@parcel/watcher-linux-arm64-glibc" "2.5.0"
    "@parcel/watcher-linux-arm64-musl" "2.5.0"
    "@parcel/watcher-linux-x64-glibc" "2.5.0"
    "@parcel/watcher-linux-x64-musl" "2.5.0"
    "@parcel/watcher-win32-arm64" "2.5.0"
    "@parcel/watcher-win32-ia32" "2.5.0"
    "@parcel/watcher-win32-x64" "2.5.0"

"@rails/actioncable@^6.0.0":
  version "6.1.710"
  resolved "https://registry.npmmirror.com/@rails/actioncable/-/actioncable-6.1.710.tgz"
  integrity sha512-YDzMuh8mDRNLFXiexlLVnF1NUwk1bXwwO1gtEhOCsCqIsL6D21JfxpMwAD5x8qzrMJ1J0RZVa2hLl7ofeg+Mqw==

"@rails/actioncable@^7.0":
  version "7.2.201"
  resolved "https://registry.npmmirror.com/@rails/actioncable/-/actioncable-7.2.201.tgz"
  integrity sha512-wsTdWoZ5EfG5k3t7ORdyQF0ZmDEgN4aVPCanHAiNEwCROqibSZMXXmCbH7IDJUVri4FOeAVwwbPINI7HVHPKBw==

"@rails/activestorage@^6.0.0":
  version "6.1.710"
  resolved "https://registry.npmmirror.com/@rails/activestorage/-/activestorage-6.1.710.tgz"
  integrity sha512-hLXxAtn7hSWXkTzMGOmQmjuzJ0FzVw8j/Zi8DGS+DG9x4uPQjl+ZEVdty7pFcsBCjkpejtk0TChcBQlLW8sgOg==
  dependencies:
    spark-md5 "^3.0.0"

"@rails/ujs@^6.0.0":
  version "6.1.710"
  resolved "https://registry.npmmirror.com/@rails/ujs/-/ujs-6.1.710.tgz"
  integrity sha512-NUS8nUkYHGSn/EDg3oJCkpMweSKeFxA4ef6pcnW2fJEZ7RcoWdJa1rr9vamUoqzNR+Ctd8ezsgBMAjxUahVB1w==

"@ttskch/select2-bootstrap4-theme@^1.5.2":
  version "1.5.2"
  resolved "https://registry.npmmirror.com/@ttskch/select2-bootstrap4-theme/-/select2-bootstrap4-theme-1.5.2.tgz"
  integrity sha512-gAj8qNy/VYwQDBkACm0USM66kxFai8flX83ayRXPNhzZckEgSqIBB9sM74SCM3ssgeX+ZVy4BifTnLis+KpIyg==

admin-lte@^4.0.0-beta3:
  version "4.0.0-beta3"
  resolved "https://registry.npmmirror.com/admin-lte/-/admin-lte-4.0.0-beta3.tgz"
  integrity sha512-q2VoAOu1DtZ7z41M2gQ05VMNYkFCAMxFU+j/HUMwCOlr/e3VhO+qww2SGJw4OxBw5nZQ7YV78+wK2RiB7ConzQ==

bootstrap@^4.3.1:
  version "4.6.2"
  resolved "https://registry.npmmirror.com/bootstrap/-/bootstrap-4.6.2.tgz"
  integrity sha512-51Bbp/Uxr9aTuy6ca/8FbFloBUJZLHwnhTcnjIeRn2suQWsWzcuJhGjKDB5eppVte/8oCdOL3VuwxvZDUggwGQ==

braces@^3.0.3:
  version "3.0.3"
  resolved "https://registry.npmmirror.com/braces/-/braces-3.0.3.tgz"
  integrity sha512-yQbXgO/OSZVD2IsiLlro+7Hf6Q18EJrKSEsdoMzKePKXct3gvD8oLcOQdIzGupr5Fj+EDe8gO/lxc1BzfMpxvA==
  dependencies:
    fill-range "^7.1.1"

chokidar@^4.0.0:
  version "4.0.3"
  resolved "https://registry.npmmirror.com/chokidar/-/chokidar-4.0.3.tgz"
  integrity sha512-Qgzu8kfBvo+cA4962jnP1KkS6Dop5NS6g7R5LFYJr4b8Ub94PPQXUksCw9PvXoeXPRRddRNC5C1JQUR2SMGtnA==
  dependencies:
    readdirp "^4.0.1"

daterangepicker@^3.0.5:
  version "3.1.0"
  resolved "https://registry.npmmirror.com/daterangepicker/-/daterangepicker-3.1.0.tgz"
  integrity sha512-DxWXvvPq4srWLCqFugqSV+6CBt/CvQ0dnpXhQ3gl0autcIDAruG1PuGG3gC7yPRNytAD1oU1AcUOzaYhOawhTw==
  dependencies:
    jquery ">=1.10"
    moment "^2.9.0"

detect-libc@^1.0.3:
  version "1.0.3"
  resolved "https://registry.npmmirror.com/detect-libc/-/detect-libc-1.0.3.tgz"
  integrity sha512-pGjwhsmsp4kL2RTz08wcOlGN83otlqHeD/Z5T8GXZB+/YcpQ/dgo+lbU8ZsGxV0HIvqqxo9l7mqYwyYMD9bKDg==

esbuild@^0.24.2:
  version "0.24.2"
  resolved "https://registry.npmmirror.com/esbuild/-/esbuild-0.24.2.tgz"
  integrity sha512-+9egpBW8I3CD5XPe0n6BfT5fxLzxrlDzqydF3aviG+9ni1lDC/OvMHcxqEFV0+LANZG5R1bFMWfUrjVsdwxJvA==
  optionalDependencies:
    "@esbuild/aix-ppc64" "0.24.2"
    "@esbuild/android-arm" "0.24.2"
    "@esbuild/android-arm64" "0.24.2"
    "@esbuild/android-x64" "0.24.2"
    "@esbuild/darwin-arm64" "0.24.2"
    "@esbuild/darwin-x64" "0.24.2"
    "@esbuild/freebsd-arm64" "0.24.2"
    "@esbuild/freebsd-x64" "0.24.2"
    "@esbuild/linux-arm" "0.24.2"
    "@esbuild/linux-arm64" "0.24.2"
    "@esbuild/linux-ia32" "0.24.2"
    "@esbuild/linux-loong64" "0.24.2"
    "@esbuild/linux-mips64el" "0.24.2"
    "@esbuild/linux-ppc64" "0.24.2"
    "@esbuild/linux-riscv64" "0.24.2"
    "@esbuild/linux-s390x" "0.24.2"
    "@esbuild/linux-x64" "0.24.2"
    "@esbuild/netbsd-arm64" "0.24.2"
    "@esbuild/netbsd-x64" "0.24.2"
    "@esbuild/openbsd-arm64" "0.24.2"
    "@esbuild/openbsd-x64" "0.24.2"
    "@esbuild/sunos-x64" "0.24.2"
    "@esbuild/win32-arm64" "0.24.2"
    "@esbuild/win32-ia32" "0.24.2"
    "@esbuild/win32-x64" "0.24.2"

fill-range@^7.1.1:
  version "7.1.1"
  resolved "https://registry.npmmirror.com/fill-range/-/fill-range-7.1.1.tgz"
  integrity sha512-YsGpe3WHLK8ZYi4tWDg2Jy3ebRz2rXowDxnld4bkQB00cc/1Zw9AWnC0i9ztDJitivtQvaI9KaLyKrc+hBW0yg==
  dependencies:
    to-regex-range "^5.0.1"

immutable@^5.0.2:
  version "5.0.3"
  resolved "https://registry.npmmirror.com/immutable/-/immutable-5.0.3.tgz"
  integrity sha512-P8IdPQHq3lA1xVeBRi5VPqUm5HDgKnx0Ru51wZz5mjxHr5n3RWhjIpOFU7ybkUxfB+5IToy+OLaHYDBIWsv+uw==

is-extglob@^2.1.1:
  version "2.1.1"
  resolved "https://registry.npmmirror.com/is-extglob/-/is-extglob-2.1.1.tgz"
  integrity sha512-SbKbANkN603Vi4jEZv49LeVJMn4yGwsbzZworEoyEiutsN3nJYdbO36zfhGJ6QEDpOZIFkDtnq5JRxmvl3jsoQ==

is-glob@^4.0.3:
  version "4.0.3"
  resolved "https://registry.npmmirror.com/is-glob/-/is-glob-4.0.3.tgz"
  integrity sha512-xelSayHH36ZgE7ZWhli7pW34hNbNl8Ojv5KVmkJD4hBdD3th8Tfk9vYasLM+mXWOZhFkgZfxhLSnrwRr4elSSg==
  dependencies:
    is-extglob "^2.1.1"

is-number@^7.0.0:
  version "7.0.0"
  resolved "https://registry.npmmirror.com/is-number/-/is-number-7.0.0.tgz"
  integrity sha512-41Cifkg6e8TylSpdtTpeLVMqvSBEVzTttHvERD741+pnZ8ANv0004MRL43QKPDlK9cGvNp6NZWZUBlbGXYxxng==

jquery@^3.3.1, jquery@^3.6.0, jquery@>=1.10, "jquery@1.9.1 - 3":
  version "3.7.1"
  resolved "https://registry.npmmirror.com/jquery/-/jquery-3.7.1.tgz"
  integrity sha512-m4avr8yL8kmFN8psrbFFFmB/If14iN5o9nw/NgnnM+kybDJpRsAynV2BsfpTYrTRysYUdADVD7CkUUizgkpLfg==

js-cookie@^2.2.1:
  version "2.2.1"
  resolved "https://registry.npmmirror.com/js-cookie/-/js-cookie-2.2.1.tgz"
  integrity sha512-HvdH2LzI/EAZcUwA8+0nKNtWHqS+ZmijLA30RwZA0bo7ToCckjK5MkGhjED9KoRcXO6BaGI3I9UIzSA1FKFPOQ==

micromatch@^4.0.5:
  version "4.0.8"
  resolved "https://registry.npmmirror.com/micromatch/-/micromatch-4.0.8.tgz"
  integrity sha512-PXwfBhYu0hBCPw8Dn0E+WDYb7af3dSLVWKi3HGv84IdF4TyFoC0ysxFd0Goxw7nSv4T/PzEJQxsYsEiFCKo2BA==
  dependencies:
    braces "^3.0.3"
    picomatch "^2.3.1"

moment-timezone@^0.5.33, moment-timezone@^0.5.34:
  version "0.5.46"
  resolved "https://registry.npmmirror.com/moment-timezone/-/moment-timezone-0.5.46.tgz"
  integrity sha512-ZXm9b36esbe7OmdABqIWJuBBiLLwAjrN7CE+7sYdCCx82Nabt1wHDj8TVseS59QIlfFPbOoiBPm6ca9BioG4hw==
  dependencies:
    moment "^2.29.4"

moment@^2.29.2, moment@^2.29.4, moment@^2.9.0:
  version "2.30.1"
  resolved "https://registry.npmmirror.com/moment/-/moment-2.30.1.tgz"
  integrity sha512-uEmtNhbDOrWPFS+hdjFCBfy9f2YoyzRpwcl+DqpC6taX21FzsTLQVbMV/W7PzNSX6x/bhC1zA3c2UQ5NzH6how==

moment@~2.29.2:
  version "2.29.4"
  resolved "https://registry.npmmirror.com/moment/-/moment-2.29.4.tgz"
  integrity sha512-5LC9SOxjSc2HF6vO2CyuTDNivEdoz2IvyJJGj6X8DJ0eFyfszE0QiEd+iXmBvUP3WHxSjFH/vIsA0EN00cgr8w==

node-addon-api@^7.0.0:
  version "7.1.1"
  resolved "https://registry.npmmirror.com/node-addon-api/-/node-addon-api-7.1.1.tgz"
  integrity sha512-5m3bsyrjFWE1xf7nz7YXdN4udnVtXK6/Yfgn5qnahL6bCkf2yKt4k3nuTKAtT4r3IG8JNR2ncsIMdZuAzJjHQQ==

picomatch@^2.3.1:
  version "2.3.1"
  resolved "https://registry.npmmirror.com/picomatch/-/picomatch-2.3.1.tgz"
  integrity sha512-JU3teHTNjmE2VCGFzuY8EXzCDVwEqB2a8fsIvwaStHhAWJEeVd1o1QD80CU6+ZdEXXSLbSsuLwJjkCBWqRQUVA==

popper.js@^1.14.7, popper.js@^1.16.1:
  version "1.16.1"
  resolved "https://registry.npmmirror.com/popper.js/-/popper.js-1.16.1.tgz"
  integrity sha512-Wb4p1J4zyFTbM+u6WuO4XstYx4Ky9Cewe4DWrel7B0w6VVICvPwdOpotjzcf6eD8TsckVnIMNONQyPIUFOUbCQ==

readdirp@^4.0.1:
  version "4.1.1"
  resolved "https://registry.npmmirror.com/readdirp/-/readdirp-4.1.1.tgz"
  integrity sha512-h80JrZu/MHUZCyHu5ciuoI0+WxsCxzxJTILn6Fs8rxSnFPh+UVHYfeIxK1nVGugMqkfC4vJcBOYbkfkwYK0+gw==

sass@^1.83.1:
  version "1.83.4"
  resolved "https://registry.npmmirror.com/sass/-/sass-1.83.4.tgz"
  integrity sha512-B1bozCeNQiOgDcLd33e2Cs2U60wZwjUUXzh900ZyQF5qUasvMdDZYbQ566LJu7cqR+sAHlAfO6RMkaID5s6qpA==
  dependencies:
    chokidar "^4.0.0"
    immutable "^5.0.2"
    source-map-js ">=0.6.2 <2.0.0"
  optionalDependencies:
    "@parcel/watcher" "^2.4.1"

select2@^4.1.0-rc.0:
  version "4.1.0-rc.0"
  resolved "https://registry.npmmirror.com/select2/-/select2-4.1.0-rc.0.tgz"
  integrity sha512-Hr9TdhyHCZUtwznEH2CBf7967mEM0idtJ5nMtjvk3Up5tPukOLXbHUNmh10oRfeNIhj+3GD3niu+g6sVK+gK0A==

"source-map-js@>=0.6.2 <2.0.0":
  version "1.2.1"
  resolved "https://registry.npmmirror.com/source-map-js/-/source-map-js-1.2.1.tgz"
  integrity sha512-UXWMKhLOwVKb728IUtQPXxfYU+usdybtUrK/8uGE8CQMvrhOpwvzDBwj0QhSL7MQc7vIsISBG8VQ8+IDQxpfQA==

spark-md5@^3.0.0:
  version "3.0.2"
  resolved "https://registry.npmmirror.com/spark-md5/-/spark-md5-3.0.2.tgz"
  integrity sha512-wcFzz9cDfbuqe0FZzfi2or1sgyIrsDwmPwfZC4hiNidPdPINjeUwNfv5kldczoEAcjl9Y1L3SM7Uz2PUEQzxQw==

tempusdominus-core@^5.19.0:
  version "5.19.3"
  resolved "https://registry.npmmirror.com/tempusdominus-core/-/tempusdominus-core-5.19.3.tgz"
  integrity sha512-WXBVXcBG/hErB6u9gdUs+vzANvCU1kd1ykzL4kolPB3h1OEv20OKUW5qz1iynxyqRFPa1NWY9gwRu5d+MjXEuQ==
  dependencies:
    jquery "^3.6.0"
    moment "~2.29.2"
    moment-timezone "^0.5.34"

to-regex-range@^5.0.1:
  version "5.0.1"
  resolved "https://registry.npmmirror.com/to-regex-range/-/to-regex-range-5.0.1.tgz"
  integrity sha512-65P7iz6X5yEr1cwcgvQxbbIw7Uk3gOy5dIdtZ4rDveLqhrdJP+Li/Hx6tyK0NEb+2GCyneCMJiGqrADCSNk8sQ==
  dependencies:
    is-number "^7.0.0"
